
Microsoft Visual Studio Solution File, Format Version 12.00
# Visual Studio Version 17
VisualStudioVersion = 17.1.32319.34
MinimumVisualStudioVersion = 10.0.40219.1
Project("{FAE04EC0-301F-11D3-BF4B-00C04F79EFBC}") = "wakeApp", "wakeApp\wakeApp.csproj", "{54E3B885-11D7-49A5-86EA-52994F5EF26E}"
EndProject
Global
	GlobalSection(SolutionConfigurationPlatforms) = preSolution
		Debug|Any CPU = Debug|Any CPU
		Release|Any CPU = Release|Any CPU
	EndGlobalSection
	GlobalSection(ProjectConfigurationPlatforms) = postSolution
		{54E3B885-11D7-49A5-86EA-52994F5EF26E}.Debug|Any CPU.ActiveCfg = Debug|Any CPU
		{54E3B885-11D7-49A5-86EA-52994F5EF26E}.Debug|Any CPU.Build.0 = Debug|Any CPU
		{54E3B885-11D7-49A5-86EA-52994F5EF26E}.Release|Any CPU.ActiveCfg = Release|Any CPU
		{54E3B885-11D7-49A5-86EA-52994F5EF26E}.Release|Any CPU.Build.0 = Release|Any CPU
	EndGlobalSection
	GlobalSection(SolutionProperties) = preSolution
		HideSolutionNode = FALSE
	EndGlobalSection
	GlobalSection(ExtensibilityGlobals) = postSolution
		SolutionGuid = {54A5FD81-F5C2-4C4E-912E-347652B344FD}
	EndGlobalSection
EndGlobal
